
Microsoft Visual Studio Solution File, Format Version 12.00
# Visual Studio Version 17
VisualStudioVersion = 17.5.33530.505
MinimumVisualStudioVersion = 10.0.40219.1
Project("{FAE04EC0-301F-11D3-BF4B-00C04F79EFBC}") = "ApiPeliculas", "ApiPeliculas\ApiPeliculas.csproj", "{A924A11F-3751-4F4E-88E7-FAC15E3BEFD9}"
EndProject
Global
	GlobalSection(SolutionConfigurationPlatforms) = preSolution
		Debug|Any CPU = Debug|Any CPU
		Release|Any CPU = Release|Any CPU
	EndGlobalSection
	GlobalSection(ProjectConfigurationPlatforms) = postSolution
		{A924A11F-3751-4F4E-88E7-FAC15E3BEFD9}.Debug|Any CPU.ActiveCfg = Debug|Any CPU
		{A924A11F-3751-4F4E-88E7-FAC15E3BEFD9}.Debug|Any CPU.Build.0 = Debug|Any CPU
		{A924A11F-3751-4F4E-88E7-FAC15E3BEFD9}.Release|Any CPU.ActiveCfg = Release|Any CPU
		{A924A11F-3751-4F4E-88E7-FAC15E3BEFD9}.Release|Any CPU.Build.0 = Release|Any CPU
	EndGlobalSection
	GlobalSection(SolutionProperties) = preSolution
		HideSolutionNode = FALSE
	EndGlobalSection
	GlobalSection(ExtensibilityGlobals) = postSolution
		SolutionGuid = {767F4E37-50B7-4A51-8D0F-3521435BE512}
	EndGlobalSection
EndGlobal
